// !$*UTF8*$!
{
	archiveVersion = 1;
	classes = {
	};
	objectVersion = 56;
	objects = {

/* Begin PBXBuildFile section */
		68A211758887D32895807B1A /* Pods_bkalo.framework in Frameworks */ = {isa = PBXBuildFile; fileRef = 61D230AE151855B1CC1EA19E /* Pods_bkalo.framework */; };
		E944BD292B4ECA0000767258 /* SideMenu in Frameworks */ = {isa = PBXBuildFile; productRef = E944BD282B4ECA0000767258 /* SideMenu */; };
		E944BD2B2B4EE02900767258 /* SideMenuTableViewCell.swift in Sources */ = {isa = PBXBuildFile; fileRef = E944BD2A2B4EE02900767258 /* SideMenuTableViewCell.swift */; };
		E944BD2D2B4EE46700767258 /* SideMenuModel.swift in Sources */ = {isa = PBXBuildFile; fileRef = E944BD2C2B4EE46700767258 /* SideMenuModel.swift */; };
		E94B574C2B4E82BB00EFE9A9 /* SideMenuViewController.swift in Sources */ = {isa = PBXBuildFile; fileRef = E94B574B2B4E82BB00EFE9A9 /* SideMenuViewController.swift */; };
		E94B574E2B4E8BCA00EFE9A9 /* UIViewControllerExtension.swift in Sources */ = {isa = PBXBuildFile; fileRef = E94B574D2B4E8BCA00EFE9A9 /* UIViewControllerExtension.swift */; };
		E94B57502B4E94A100EFE9A9 /* UIImageExtension.swift in Sources */ = {isa = PBXBuildFile; fileRef = E94B574F2B4E94A100EFE9A9 /* UIImageExtension.swift */; };
		E95253532B50CBBA001DB530 /* UIViewExtension.swift in Sources */ = {isa = PBXBuildFile; fileRef = E95253522B50CBBA001DB530 /* UIViewExtension.swift */; };
		E95253552B50DDDD001DB530 /* AuthorModel.swift in Sources */ = {isa = PBXBuildFile; fileRef = E95253542B50DDDD001DB530 /* AuthorModel.swift */; };
		E9568AA52B4FAA72002A1AB0 /* ListViewController.swift in Sources */ = {isa = PBXBuildFile; fileRef = E9568AA42B4FAA72002A1AB0 /* ListViewController.swift */; };
		E9568AA72B4FAF83002A1AB0 /* PlaceListTableViewCell.swift in Sources */ = {isa = PBXBuildFile; fileRef = E9568AA62B4FAF83002A1AB0 /* PlaceListTableViewCell.swift */; };
		E9571FBB2D641D1B00203FAA /* MessageViewController.swift in Sources */ = {isa = PBXBuildFile; fileRef = E9571FBA2D641D1B00203FAA /* MessageViewController.swift */; };
		E9571FBE2D643BE100203FAA /* AccountTableViewCell.swift in Sources */ = {isa = PBXBuildFile; fileRef = E9571FBD2D643BE100203FAA /* AccountTableViewCell.swift */; };
		E9571FC12D6456A900203FAA /* AccountItemModel.swift in Sources */ = {isa = PBXBuildFile; fileRef = E9571FC02D6456A900203FAA /* AccountItemModel.swift */; };
		E9571FC52D64A1C300203FAA /* AccountSectionHeaderView.swift in Sources */ = {isa = PBXBuildFile; fileRef = E9571FC42D64A1C300203FAA /* AccountSectionHeaderView.swift */; };
		E9571FC82D64B68A00203FAA /* SwipeCellKit in Frameworks */ = {isa = PBXBuildFile; productRef = E9571FC72D64B68A00203FAA /* SwipeCellKit */; };
		E9571FCB2D64B82000203FAA /* MessageTableViewCell.swift in Sources */ = {isa = PBXBuildFile; fileRef = E9571FCA2D64B82000203FAA /* MessageTableViewCell.swift */; };
		E9571FCD2D64E10C00203FAA /* MessageSectionHeaderView.swift in Sources */ = {isa = PBXBuildFile; fileRef = E9571FCC2D64E10C00203FAA /* MessageSectionHeaderView.swift */; };
		E97C97802B4FE83A00431B2C /* AboutUsViewController.swift in Sources */ = {isa = PBXBuildFile; fileRef = E97C977F2B4FE83A00431B2C /* AboutUsViewController.swift */; };
		E98570802B4E2FE000BC4840 /* HomeViewController.swift in Sources */ = {isa = PBXBuildFile; fileRef = E985707F2B4E2FE000BC4840 /* HomeViewController.swift */; };
		E985863D2B4BE24500DE7780 /* RecommendTableViewCell.swift in Sources */ = {isa = PBXBuildFile; fileRef = E985863C2B4BE24500DE7780 /* RecommendTableViewCell.swift */; };
		E985863F2B4BE3BD00DE7780 /* RecommendCollectionViewCell.swift in Sources */ = {isa = PBXBuildFile; fileRef = E985863E2B4BE3BD00DE7780 /* RecommendCollectionViewCell.swift */; };
		E9A1F2BE2B501E0700C47E0A /* AboutUsCollectionViewCell.swift in Sources */ = {isa = PBXBuildFile; fileRef = E9A1F2BD2B501E0700C47E0A /* AboutUsCollectionViewCell.swift */; };
		E9A1F2C02B502BD600C47E0A /* UIWindowExtension.swift in Sources */ = {isa = PBXBuildFile; fileRef = E9A1F2BF2B502BD600C47E0A /* UIWindowExtension.swift */; };
		E9A1F2C22B502C1E00C47E0A /* UICollectionViewExtension.swift in Sources */ = {isa = PBXBuildFile; fileRef = E9A1F2C12B502C1E00C47E0A /* UICollectionViewExtension.swift */; };
		E9A1F2C42B50316700C47E0A /* CardContentViewController.swift in Sources */ = {isa = PBXBuildFile; fileRef = E9A1F2C32B50316700C47E0A /* CardContentViewController.swift */; };
		E9A75F3A2B4BD541005494AB /* PlaceTableViewCell.swift in Sources */ = {isa = PBXBuildFile; fileRef = E9A75F392B4BD541005494AB /* PlaceTableViewCell.swift */; };
		E9AB571D2B51309B0077411C /* ContactUsViewController.swift in Sources */ = {isa = PBXBuildFile; fileRef = E9AB571C2B51309B0077411C /* ContactUsViewController.swift */; };
		E9AB571F2B513BB10077411C /* MessageFormViewController.swift in Sources */ = {isa = PBXBuildFile; fileRef = E9AB571E2B513BB10077411C /* MessageFormViewController.swift */; };
		E9BE704C2B4CEC6500A03CE5 /* ProfileViewController.swift in Sources */ = {isa = PBXBuildFile; fileRef = E9BE704B2B4CEC6500A03CE5 /* ProfileViewController.swift */; };
		E9BE704E2B4D455900A03CE5 /* PlaceModel.swift in Sources */ = {isa = PBXBuildFile; fileRef = E9BE704D2B4D455900A03CE5 /* PlaceModel.swift */; };
		E9C2B2882B4E5D2000647802 /* AccountViewController.swift in Sources */ = {isa = PBXBuildFile; fileRef = E9C2B2872B4E5D2000647802 /* AccountViewController.swift */; };
		E9C2B28A2B4E728D00647802 /* DetailViewController.swift in Sources */ = {isa = PBXBuildFile; fileRef = E9C2B2892B4E728D00647802 /* DetailViewController.swift */; };
		E9D3CE212B4B8C120076E2E0 /* AppDelegate.swift in Sources */ = {isa = PBXBuildFile; fileRef = E9D3CE202B4B8C120076E2E0 /* AppDelegate.swift */; };
		E9D3CE232B4B8C120076E2E0 /* SceneDelegate.swift in Sources */ = {isa = PBXBuildFile; fileRef = E9D3CE222B4B8C120076E2E0 /* SceneDelegate.swift */; };
		E9D3CE252B4B8C120076E2E0 /* BaseViewController.swift in Sources */ = {isa = PBXBuildFile; fileRef = E9D3CE242B4B8C120076E2E0 /* BaseViewController.swift */; };
		E9D3CE282B4B8C120076E2E0 /* Main.storyboard in Resources */ = {isa = PBXBuildFile; fileRef = E9D3CE262B4B8C120076E2E0 /* Main.storyboard */; };
		E9D3CE2A2B4B8C130076E2E0 /* Assets.xcassets in Resources */ = {isa = PBXBuildFile; fileRef = E9D3CE292B4B8C130076E2E0 /* Assets.xcassets */; };
		E9D3CE2D2B4B8C130076E2E0 /* LaunchScreen.storyboard in Resources */ = {isa = PBXBuildFile; fileRef = E9D3CE2B2B4B8C130076E2E0 /* LaunchScreen.storyboard */; };
		E9D3CE352B4B8D510076E2E0 /* SubcateTableViewCell.swift in Sources */ = {isa = PBXBuildFile; fileRef = E9D3CE342B4B8D510076E2E0 /* SubcateTableViewCell.swift */; };
		E9D3CE372B4B8EEE0076E2E0 /* SubcateCollectionViewCell.swift in Sources */ = {isa = PBXBuildFile; fileRef = E9D3CE362B4B8EEE0076E2E0 /* SubcateCollectionViewCell.swift */; };
		E9D3CE3B2B4B9B740076E2E0 /* UIColorExtension.swift in Sources */ = {isa = PBXBuildFile; fileRef = E9D3CE3A2B4B9B740076E2E0 /* UIColorExtension.swift */; };
		E9D3CE3D2B4B9E330076E2E0 /* CategoryTableViewCell.swift in Sources */ = {isa = PBXBuildFile; fileRef = E9D3CE3C2B4B9E330076E2E0 /* CategoryTableViewCell.swift */; };
		E9D3CE4A2B4BC9A80076E2E0 /* UIFontExtension.swift in Sources */ = {isa = PBXBuildFile; fileRef = E9D3CE492B4BC9A80076E2E0 /* UIFontExtension.swift */; };
		E9D3CE4E2B4BCCD20076E2E0 /* Inter-Bold.ttf in Resources */ = {isa = PBXBuildFile; fileRef = E9D3CE4D2B4BCCD20076E2E0 /* Inter-Bold.ttf */; };
		E9D3CE502B4BCCDD0076E2E0 /* Inter-Italic.ttf in Resources */ = {isa = PBXBuildFile; fileRef = E9D3CE4F2B4BCCDD0076E2E0 /* Inter-Italic.ttf */; };
		E9D3CE522B4BCCE70076E2E0 /* Inter-Medium.ttf in Resources */ = {isa = PBXBuildFile; fileRef = E9D3CE512B4BCCE70076E2E0 /* Inter-Medium.ttf */; };
		E9D3CE542B4BCCEE0076E2E0 /* Inter-Regular.ttf in Resources */ = {isa = PBXBuildFile; fileRef = E9D3CE532B4BCCEE0076E2E0 /* Inter-Regular.ttf */; };
		E9D3CE562B4BD1CF0076E2E0 /* PlaceCollectionViewCell.swift in Sources */ = {isa = PBXBuildFile; fileRef = E9D3CE552B4BD1CF0076E2E0 /* PlaceCollectionViewCell.swift */; };
/* End PBXBuildFile section */

/* Begin PBXFileReference section */
		56135660578605B903FE46AB /* Pods-bkalo.debug.xcconfig */ = {isa = PBXFileReference; includeInIndex = 1; lastKnownFileType = text.xcconfig; name = "Pods-bkalo.debug.xcconfig"; path = "Target Support Files/Pods-bkalo/Pods-bkalo.debug.xcconfig"; sourceTree = "<group>"; };
		61D230AE151855B1CC1EA19E /* Pods_bkalo.framework */ = {isa = PBXFileReference; explicitFileType = wrapper.framework; includeInIndex = 0; path = Pods_bkalo.framework; sourceTree = BUILT_PRODUCTS_DIR; };
		B59BC7AC6ED4A79701D64399 /* Pods-bkalo.release.xcconfig */ = {isa = PBXFileReference; includeInIndex = 1; lastKnownFileType = text.xcconfig; name = "Pods-bkalo.release.xcconfig"; path = "Target Support Files/Pods-bkalo/Pods-bkalo.release.xcconfig"; sourceTree = "<group>"; };
		E944BD2A2B4EE02900767258 /* SideMenuTableViewCell.swift */ = {isa = PBXFileReference; lastKnownFileType = sourcecode.swift; path = SideMenuTableViewCell.swift; sourceTree = "<group>"; };
		E944BD2C2B4EE46700767258 /* SideMenuModel.swift */ = {isa = PBXFileReference; lastKnownFileType = sourcecode.swift; path = SideMenuModel.swift; sourceTree = "<group>"; };
		E94B574B2B4E82BB00EFE9A9 /* SideMenuViewController.swift */ = {isa = PBXFileReference; lastKnownFileType = sourcecode.swift; path = SideMenuViewController.swift; sourceTree = "<group>"; };
		E94B574D2B4E8BCA00EFE9A9 /* UIViewControllerExtension.swift */ = {isa = PBXFileReference; lastKnownFileType = sourcecode.swift; path = UIViewControllerExtension.swift; sourceTree = "<group>"; };
		E94B574F2B4E94A100EFE9A9 /* UIImageExtension.swift */ = {isa = PBXFileReference; lastKnownFileType = sourcecode.swift; path = UIImageExtension.swift; sourceTree = "<group>"; };
		E95253522B50CBBA001DB530 /* UIViewExtension.swift */ = {isa = PBXFileReference; lastKnownFileType = sourcecode.swift; path = UIViewExtension.swift; sourceTree = "<group>"; };
		E95253542B50DDDD001DB530 /* AuthorModel.swift */ = {isa = PBXFileReference; lastKnownFileType = sourcecode.swift; path = AuthorModel.swift; sourceTree = "<group>"; };
		E9568AA42B4FAA72002A1AB0 /* ListViewController.swift */ = {isa = PBXFileReference; lastKnownFileType = sourcecode.swift; path = ListViewController.swift; sourceTree = "<group>"; };
		E9568AA62B4FAF83002A1AB0 /* PlaceListTableViewCell.swift */ = {isa = PBXFileReference; lastKnownFileType = sourcecode.swift; path = PlaceListTableViewCell.swift; sourceTree = "<group>"; };
		E9571FBA2D641D1B00203FAA /* MessageViewController.swift */ = {isa = PBXFileReference; lastKnownFileType = sourcecode.swift; path = MessageViewController.swift; sourceTree = "<group>"; };
		E9571FBD2D643BE100203FAA /* AccountTableViewCell.swift */ = {isa = PBXFileReference; lastKnownFileType = sourcecode.swift; path = AccountTableViewCell.swift; sourceTree = "<group>"; };
		E9571FC02D6456A900203FAA /* AccountItemModel.swift */ = {isa = PBXFileReference; lastKnownFileType = sourcecode.swift; path = AccountItemModel.swift; sourceTree = "<group>"; };
		E9571FC42D64A1C300203FAA /* AccountSectionHeaderView.swift */ = {isa = PBXFileReference; lastKnownFileType = sourcecode.swift; path = AccountSectionHeaderView.swift; sourceTree = "<group>"; };
		E9571FCA2D64B82000203FAA /* MessageTableViewCell.swift */ = {isa = PBXFileReference; lastKnownFileType = sourcecode.swift; path = MessageTableViewCell.swift; sourceTree = "<group>"; };
		E9571FCC2D64E10C00203FAA /* MessageSectionHeaderView.swift */ = {isa = PBXFileReference; lastKnownFileType = sourcecode.swift; path = MessageSectionHeaderView.swift; sourceTree = "<group>"; };
		E97C977F2B4FE83A00431B2C /* AboutUsViewController.swift */ = {isa = PBXFileReference; lastKnownFileType = sourcecode.swift; path = AboutUsViewController.swift; sourceTree = "<group>"; };
		E985707F2B4E2FE000BC4840 /* HomeViewController.swift */ = {isa = PBXFileReference; lastKnownFileType = sourcecode.swift; path = HomeViewController.swift; sourceTree = "<group>"; };
		E985863C2B4BE24500DE7780 /* RecommendTableViewCell.swift */ = {isa = PBXFileReference; lastKnownFileType = sourcecode.swift; path = RecommendTableViewCell.swift; sourceTree = "<group>"; };
		E985863E2B4BE3BD00DE7780 /* RecommendCollectionViewCell.swift */ = {isa = PBXFileReference; lastKnownFileType = sourcecode.swift; path = RecommendCollectionViewCell.swift; sourceTree = "<group>"; };
		E9A1F2BD2B501E0700C47E0A /* AboutUsCollectionViewCell.swift */ = {isa = PBXFileReference; lastKnownFileType = sourcecode.swift; path = AboutUsCollectionViewCell.swift; sourceTree = "<group>"; };
		E9A1F2BF2B502BD600C47E0A /* UIWindowExtension.swift */ = {isa = PBXFileReference; lastKnownFileType = sourcecode.swift; path = UIWindowExtension.swift; sourceTree = "<group>"; };
		E9A1F2C12B502C1E00C47E0A /* UICollectionViewExtension.swift */ = {isa = PBXFileReference; lastKnownFileType = sourcecode.swift; path = UICollectionViewExtension.swift; sourceTree = "<group>"; };
		E9A1F2C32B50316700C47E0A /* CardContentViewController.swift */ = {isa = PBXFileReference; lastKnownFileType = sourcecode.swift; path = CardContentViewController.swift; sourceTree = "<group>"; };
		E9A75F392B4BD541005494AB /* PlaceTableViewCell.swift */ = {isa = PBXFileReference; lastKnownFileType = sourcecode.swift; path = PlaceTableViewCell.swift; sourceTree = "<group>"; };
		E9AB571C2B51309B0077411C /* ContactUsViewController.swift */ = {isa = PBXFileReference; lastKnownFileType = sourcecode.swift; path = ContactUsViewController.swift; sourceTree = "<group>"; };
		E9AB571E2B513BB10077411C /* MessageFormViewController.swift */ = {isa = PBXFileReference; lastKnownFileType = sourcecode.swift; path = MessageFormViewController.swift; sourceTree = "<group>"; };
		E9BE704B2B4CEC6500A03CE5 /* ProfileViewController.swift */ = {isa = PBXFileReference; lastKnownFileType = sourcecode.swift; path = ProfileViewController.swift; sourceTree = "<group>"; };
		E9BE704D2B4D455900A03CE5 /* PlaceModel.swift */ = {isa = PBXFileReference; lastKnownFileType = sourcecode.swift; path = PlaceModel.swift; sourceTree = "<group>"; };
		E9C2B2872B4E5D2000647802 /* AccountViewController.swift */ = {isa = PBXFileReference; lastKnownFileType = sourcecode.swift; path = AccountViewController.swift; sourceTree = "<group>"; };
		E9C2B2892B4E728D00647802 /* DetailViewController.swift */ = {isa = PBXFileReference; lastKnownFileType = sourcecode.swift; path = DetailViewController.swift; sourceTree = "<group>"; };
		E9D3CE1D2B4B8C120076E2E0 /* bkalo.app */ = {isa = PBXFileReference; explicitFileType = wrapper.application; includeInIndex = 0; path = bkalo.app; sourceTree = BUILT_PRODUCTS_DIR; };
		E9D3CE202B4B8C120076E2E0 /* AppDelegate.swift */ = {isa = PBXFileReference; lastKnownFileType = sourcecode.swift; path = AppDelegate.swift; sourceTree = "<group>"; };
		E9D3CE222B4B8C120076E2E0 /* SceneDelegate.swift */ = {isa = PBXFileReference; lastKnownFileType = sourcecode.swift; path = SceneDelegate.swift; sourceTree = "<group>"; };
		E9D3CE242B4B8C120076E2E0 /* BaseViewController.swift */ = {isa = PBXFileReference; lastKnownFileType = sourcecode.swift; path = BaseViewController.swift; sourceTree = "<group>"; };
		E9D3CE272B4B8C120076E2E0 /* Base */ = {isa = PBXFileReference; lastKnownFileType = file.storyboard; name = Base; path = Base.lproj/Main.storyboard; sourceTree = "<group>"; };
		E9D3CE292B4B8C130076E2E0 /* Assets.xcassets */ = {isa = PBXFileReference; lastKnownFileType = folder.assetcatalog; path = Assets.xcassets; sourceTree = "<group>"; };
		E9D3CE2C2B4B8C130076E2E0 /* Base */ = {isa = PBXFileReference; lastKnownFileType = file.storyboard; name = Base; path = Base.lproj/LaunchScreen.storyboard; sourceTree = "<group>"; };
		E9D3CE2E2B4B8C130076E2E0 /* Info.plist */ = {isa = PBXFileReference; lastKnownFileType = text.plist.xml; path = Info.plist; sourceTree = "<group>"; };
		E9D3CE342B4B8D510076E2E0 /* SubcateTableViewCell.swift */ = {isa = PBXFileReference; lastKnownFileType = sourcecode.swift; path = SubcateTableViewCell.swift; sourceTree = "<group>"; };
		E9D3CE362B4B8EEE0076E2E0 /* SubcateCollectionViewCell.swift */ = {isa = PBXFileReference; lastKnownFileType = sourcecode.swift; path = SubcateCollectionViewCell.swift; sourceTree = "<group>"; };
		E9D3CE3A2B4B9B740076E2E0 /* UIColorExtension.swift */ = {isa = PBXFileReference; lastKnownFileType = sourcecode.swift; path = UIColorExtension.swift; sourceTree = "<group>"; };
		E9D3CE3C2B4B9E330076E2E0 /* CategoryTableViewCell.swift */ = {isa = PBXFileReference; lastKnownFileType = sourcecode.swift; path = CategoryTableViewCell.swift; sourceTree = "<group>"; };
		E9D3CE492B4BC9A80076E2E0 /* UIFontExtension.swift */ = {isa = PBXFileReference; lastKnownFileType = sourcecode.swift; path = UIFontExtension.swift; sourceTree = "<group>"; };
		E9D3CE4D2B4BCCD20076E2E0 /* Inter-Bold.ttf */ = {isa = PBXFileReference; lastKnownFileType = file; path = "Inter-Bold.ttf"; sourceTree = "<group>"; };
		E9D3CE4F2B4BCCDD0076E2E0 /* Inter-Italic.ttf */ = {isa = PBXFileReference; lastKnownFileType = file; path = "Inter-Italic.ttf"; sourceTree = "<group>"; };
		E9D3CE512B4BCCE70076E2E0 /* Inter-Medium.ttf */ = {isa = PBXFileReference; lastKnownFileType = file; path = "Inter-Medium.ttf"; sourceTree = "<group>"; };
		E9D3CE532B4BCCEE0076E2E0 /* Inter-Regular.ttf */ = {isa = PBXFileReference; lastKnownFileType = file; path = "Inter-Regular.ttf"; sourceTree = "<group>"; };
		E9D3CE552B4BD1CF0076E2E0 /* PlaceCollectionViewCell.swift */ = {isa = PBXFileReference; lastKnownFileType = sourcecode.swift; path = PlaceCollectionViewCell.swift; sourceTree = "<group>"; };
/* End PBXFileReference section */

/* Begin PBXFrameworksBuildPhase section */
		E9D3CE1A2B4B8C120076E2E0 /* Frameworks */ = {
			isa = PBXFrameworksBuildPhase;
			buildActionMask = 2147483647;
			files = (
				E944BD292B4ECA0000767258 /* SideMenu in Frameworks */,
				E9571FC82D64B68A00203FAA /* SwipeCellKit in Frameworks */,
				68A211758887D32895807B1A /* Pods_bkalo.framework in Frameworks */,
			);
			runOnlyForDeploymentPostprocessing = 0;
		};
/* End PBXFrameworksBuildPhase section */

/* Begin PBXGroup section */
		1466FD915144B8117B3649CE /* Pods */ = {
			isa = PBXGroup;
			children = (
				56135660578605B903FE46AB /* Pods-bkalo.debug.xcconfig */,
				B59BC7AC6ED4A79701D64399 /* Pods-bkalo.release.xcconfig */,
			);
			path = Pods;
			sourceTree = "<group>";
		};
		356B2C7CA37E1BE5ADD74629 /* Frameworks */ = {
			isa = PBXGroup;
			children = (
				61D230AE151855B1CC1EA19E /* Pods_bkalo.framework */,
			);
			name = Frameworks;
			sourceTree = "<group>";
		};
		E9571FB72D641CB900203FAA /* Message */ = {
			isa = PBXGroup;
			children = (
				E9571FBA2D641D1B00203FAA /* MessageViewController.swift */,
			);
			path = Message;
			sourceTree = "<group>";
		};
		E9571FBC2D643B8400203FAA /* Account */ = {
			isa = PBXGroup;
			children = (
				E9571FBD2D643BE100203FAA /* AccountTableViewCell.swift */,
				E9571FC42D64A1C300203FAA /* AccountSectionHeaderView.swift */,
			);
			path = Account;
			sourceTree = "<group>";
		};
		E9571FBF2D64569700203FAA /* Account */ = {
			isa = PBXGroup;
			children = (
				E9571FC02D6456A900203FAA /* AccountItemModel.swift */,
			);
			path = Account;
			sourceTree = "<group>";
		};
		E9571FC92D64B80300203FAA /* Message */ = {
			isa = PBXGroup;
			children = (
				E9571FCA2D64B82000203FAA /* MessageTableViewCell.swift */,
				E9571FCC2D64E10C00203FAA /* MessageSectionHeaderView.swift */,
			);
			path = Message;
			sourceTree = "<group>";
		};
		E9BE704A2B4CEC4800A03CE5 /* Profile */ = {
			isa = PBXGroup;
			children = (
				E9BE704B2B4CEC6500A03CE5 /* ProfileViewController.swift */,
				E9C2B2872B4E5D2000647802 /* AccountViewController.swift */,
			);
			path = Profile;
			sourceTree = "<group>";
		};
		E9D3CE142B4B8C120076E2E0 = {
			isa = PBXGroup;
			children = (
				E9D3CE1F2B4B8C120076E2E0 /* bkalo */,
				E9D3CE1E2B4B8C120076E2E0 /* Products */,
				1466FD915144B8117B3649CE /* Pods */,
				356B2C7CA37E1BE5ADD74629 /* Frameworks */,
			);
			sourceTree = "<group>";
		};
		E9D3CE1E2B4B8C120076E2E0 /* Products */ = {
			isa = PBXGroup;
			children = (
				E9D3CE1D2B4B8C120076E2E0 /* bkalo.app */,
			);
			name = Products;
			sourceTree = "<group>";
		};
		E9D3CE1F2B4B8C120076E2E0 /* bkalo */ = {
			isa = PBXGroup;
			children = (
				E9D3CE412B4BA03E0076E2E0 /* Utils */,
				E9D3CE402B4B9FB90076E2E0 /* Controllers */,
				E9D3CE3F2B4B9FB10076E2E0 /* Models */,
				E9D3CE3E2B4B9F9E0076E2E0 /* Views */,
				E9D3CE202B4B8C120076E2E0 /* AppDelegate.swift */,
				E9D3CE222B4B8C120076E2E0 /* SceneDelegate.swift */,
				E9D3CE262B4B8C120076E2E0 /* Main.storyboard */,
				E9D3CE292B4B8C130076E2E0 /* Assets.xcassets */,
				E9D3CE2B2B4B8C130076E2E0 /* LaunchScreen.storyboard */,
				E9D3CE2E2B4B8C130076E2E0 /* Info.plist */,
			);
			path = bkalo;
			sourceTree = "<group>";
		};
		E9D3CE3E2B4B9F9E0076E2E0 /* Views */ = {
			isa = PBXGroup;
			children = (
				E9571FC92D64B80300203FAA /* Message */,
				E9571FBC2D643B8400203FAA /* Account */,
				E9D3CE3C2B4B9E330076E2E0 /* CategoryTableViewCell.swift */,
				E9D3CE362B4B8EEE0076E2E0 /* SubcateCollectionViewCell.swift */,
				E9D3CE342B4B8D510076E2E0 /* SubcateTableViewCell.swift */,
				E9A75F392B4BD541005494AB /* PlaceTableViewCell.swift */,
				E9D3CE552B4BD1CF0076E2E0 /* PlaceCollectionViewCell.swift */,
				E985863C2B4BE24500DE7780 /* RecommendTableViewCell.swift */,
				E985863E2B4BE3BD00DE7780 /* RecommendCollectionViewCell.swift */,
				E944BD2A2B4EE02900767258 /* SideMenuTableViewCell.swift */,
				E9568AA62B4FAF83002A1AB0 /* PlaceListTableViewCell.swift */,
				E9A1F2BD2B501E0700C47E0A /* AboutUsCollectionViewCell.swift */,
			);
			path = Views;
			sourceTree = "<group>";
		};
		E9D3CE3F2B4B9FB10076E2E0 /* Models */ = {
			isa = PBXGroup;
			children = (
				E9571FBF2D64569700203FAA /* Account */,
				E9BE704D2B4D455900A03CE5 /* PlaceModel.swift */,
				E944BD2C2B4EE46700767258 /* SideMenuModel.swift */,
				E95253542B50DDDD001DB530 /* AuthorModel.swift */,
			);
			path = Models;
			sourceTree = "<group>";
		};
		E9D3CE402B4B9FB90076E2E0 /* Controllers */ = {
			isa = PBXGroup;
			children = (
				E9571FB72D641CB900203FAA /* Message */,
				E9D3CE242B4B8C120076E2E0 /* BaseViewController.swift */,
				E9BE704A2B4CEC4800A03CE5 /* Profile */,
				E9EE99B82B4BECCD00E6DCAA /* Home */,
			);
			path = Controllers;
			sourceTree = "<group>";
		};
		E9D3CE412B4BA03E0076E2E0 /* Utils */ = {
			isa = PBXGroup;
			children = (
				E9D3CE432B4BC8A00076E2E0 /* Fonts */,
				E9D3CE422B4BC8910076E2E0 /* Extensions */,
			);
			path = Utils;
			sourceTree = "<group>";
		};
		E9D3CE422B4BC8910076E2E0 /* Extensions */ = {
			isa = PBXGroup;
			children = (
				E9D3CE3A2B4B9B740076E2E0 /* UIColorExtension.swift */,
				E9D3CE492B4BC9A80076E2E0 /* UIFontExtension.swift */,
				E94B574D2B4E8BCA00EFE9A9 /* UIViewControllerExtension.swift */,
				E94B574F2B4E94A100EFE9A9 /* UIImageExtension.swift */,
				E9A1F2BF2B502BD600C47E0A /* UIWindowExtension.swift */,
				E9A1F2C12B502C1E00C47E0A /* UICollectionViewExtension.swift */,
				E95253522B50CBBA001DB530 /* UIViewExtension.swift */,
			);
			path = Extensions;
			sourceTree = "<group>";
		};
		E9D3CE432B4BC8A00076E2E0 /* Fonts */ = {
			isa = PBXGroup;
			children = (
				E9D3CE442B4BC8B40076E2E0 /* Inter */,
			);
			path = Fonts;
			sourceTree = "<group>";
		};
		E9D3CE442B4BC8B40076E2E0 /* Inter */ = {
			isa = PBXGroup;
			children = (
				E9D3CE532B4BCCEE0076E2E0 /* Inter-Regular.ttf */,
				E9D3CE512B4BCCE70076E2E0 /* Inter-Medium.ttf */,
				E9D3CE4F2B4BCCDD0076E2E0 /* Inter-Italic.ttf */,
				E9D3CE4D2B4BCCD20076E2E0 /* Inter-Bold.ttf */,
			);
			path = Inter;
			sourceTree = "<group>";
		};
		E9EE99B82B4BECCD00E6DCAA /* Home */ = {
			isa = PBXGroup;
			children = (
				E985707F2B4E2FE000BC4840 /* HomeViewController.swift */,
				E9C2B2892B4E728D00647802 /* DetailViewController.swift */,
				E94B574B2B4E82BB00EFE9A9 /* SideMenuViewController.swift */,
				E9568AA42B4FAA72002A1AB0 /* ListViewController.swift */,
				E97C977F2B4FE83A00431B2C /* AboutUsViewController.swift */,
				E9A1F2C32B50316700C47E0A /* CardContentViewController.swift */,
				E9AB571C2B51309B0077411C /* ContactUsViewController.swift */,
				E9AB571E2B513BB10077411C /* MessageFormViewController.swift */,
			);
			path = Home;
			sourceTree = "<group>";
		};
/* End PBXGroup section */

/* Begin PBXNativeTarget section */
		E9D3CE1C2B4B8C120076E2E0 /* bkalo */ = {
			isa = PBXNativeTarget;
			buildConfigurationList = E9D3CE312B4B8C130076E2E0 /* Build configuration list for PBXNativeTarget "bkalo" */;
			buildPhases = (
				2B6E29E15CE4E65655C9F125 /* [CP] Check Pods Manifest.lock */,
				E9D3CE192B4B8C120076E2E0 /* Sources */,
				E9D3CE1A2B4B8C120076E2E0 /* Frameworks */,
				E9D3CE1B2B4B8C120076E2E0 /* Resources */,
				FFFD25FA8ECEB473C37FBCF1 /* [CP] Embed Pods Frameworks */,
			);
			buildRules = (
			);
			dependencies = (
			);
			name = bkalo;
			packageProductDependencies = (
				E944BD282B4ECA0000767258 /* SideMenu */,
				E9571FC72D64B68A00203FAA /* SwipeCellKit */,
			);
			productName = bkalo;
			productReference = E9D3CE1D2B4B8C120076E2E0 /* bkalo.app */;
			productType = "com.apple.product-type.application";
		};
/* End PBXNativeTarget section */

/* Begin PBXProject section */
		E9D3CE152B4B8C120076E2E0 /* Project object */ = {
			isa = PBXProject;
			attributes = {
				BuildIndependentTargetsInParallel = 1;
				LastSwiftUpdateCheck = 1510;
				LastUpgradeCheck = 1510;
				TargetAttributes = {
					E9D3CE1C2B4B8C120076E2E0 = {
						CreatedOnToolsVersion = 15.1;
					};
				};
			};
			buildConfigurationList = E9D3CE182B4B8C120076E2E0 /* Build configuration list for PBXProject "bkalo" */;
			compatibilityVersion = "Xcode 14.0";
			developmentRegion = en;
			hasScannedForEncodings = 0;
			knownRegions = (
				en,
				Base,
			);
			mainGroup = E9D3CE142B4B8C120076E2E0;
			packageReferences = (
				E944BD272B4ECA0000767258 /* XCRemoteSwiftPackageReference "SideMenu.git" */,
				E9571FC62D64B68A00203FAA /* XCRemoteSwiftPackageReference "SwipeCellKit" */,
			);
			productRefGroup = E9D3CE1E2B4B8C120076E2E0 /* Products */;
			projectDirPath = "";
			projectRoot = "";
			targets = (
				E9D3CE1C2B4B8C120076E2E0 /* bkalo */,
			);
		};
/* End PBXProject section */

/* Begin PBXResourcesBuildPhase section */
		E9D3CE1B2B4B8C120076E2E0 /* Resources */ = {
			isa = PBXResourcesBuildPhase;
			buildActionMask = 2147483647;
			files = (
				E9D3CE502B4BCCDD0076E2E0 /* Inter-Italic.ttf in Resources */,
				E9D3CE2D2B4B8C130076E2E0 /* LaunchScreen.storyboard in Resources */,
				E9D3CE522B4BCCE70076E2E0 /* Inter-Medium.ttf in Resources */,
				E9D3CE2A2B4B8C130076E2E0 /* Assets.xcassets in Resources */,
				E9D3CE4E2B4BCCD20076E2E0 /* Inter-Bold.ttf in Resources */,
				E9D3CE282B4B8C120076E2E0 /* Main.storyboard in Resources */,
				E9D3CE542B4BCCEE0076E2E0 /* Inter-Regular.ttf in Resources */,
			);
			runOnlyForDeploymentPostprocessing = 0;
		};
/* End PBXResourcesBuildPhase section */

/* Begin PBXShellScriptBuildPhase section */
		2B6E29E15CE4E65655C9F125 /* [CP] Check Pods Manifest.lock */ = {
			isa = PBXShellScriptBuildPhase;
			buildActionMask = 2147483647;
			files = (
			);
			inputFileListPaths = (
			);
			inputPaths = (
				"${PODS_PODFILE_DIR_PATH}/Podfile.lock",
				"${PODS_ROOT}/Manifest.lock",
			);
			name = "[CP] Check Pods Manifest.lock";
			outputFileListPaths = (
			);
			outputPaths = (
				"$(DERIVED_FILE_DIR)/Pods-bkalo-checkManifestLockResult.txt",
			);
			runOnlyForDeploymentPostprocessing = 0;
			shellPath = /bin/sh;
			shellScript = "diff \"${PODS_PODFILE_DIR_PATH}/Podfile.lock\" \"${PODS_ROOT}/Manifest.lock\" > /dev/null\nif [ $? != 0 ] ; then\n    # print error to STDERR\n    echo \"error: The sandbox is not in sync with the Podfile.lock. Run 'pod install' or update your CocoaPods installation.\" >&2\n    exit 1\nfi\n# This output is used by Xcode 'outputs' to avoid re-running this script phase.\necho \"SUCCESS\" > \"${SCRIPT_OUTPUT_FILE_0}\"\n";
			showEnvVarsInLog = 0;
		};
		FFFD25FA8ECEB473C37FBCF1 /* [CP] Embed Pods Frameworks */ = {
			isa = PBXShellScriptBuildPhase;
			buildActionMask = 2147483647;
			files = (
			);
			inputFileListPaths = (
				"${PODS_ROOT}/Target Support Files/Pods-bkalo/Pods-bkalo-frameworks-${CONFIGURATION}-input-files.xcfilelist",
			);
			name = "[CP] Embed Pods Frameworks";
			outputFileListPaths = (
				"${PODS_ROOT}/Target Support Files/Pods-bkalo/Pods-bkalo-frameworks-${CONFIGURATION}-output-files.xcfilelist",
			);
			runOnlyForDeploymentPostprocessing = 0;
			shellPath = /bin/sh;
			shellScript = "\"${PODS_ROOT}/Target Support Files/Pods-bkalo/Pods-bkalo-frameworks.sh\"\n";
			showEnvVarsInLog = 0;
		};
/* End PBXShellScriptBuildPhase section */

/* Begin PBXSourcesBuildPhase section */
		E9D3CE192B4B8C120076E2E0 /* Sources */ = {
			isa = PBXSourcesBuildPhase;
			buildActionMask = 2147483647;
			files = (
				E95253532B50CBBA001DB530 /* UIViewExtension.swift in Sources */,
				E9571FCD2D64E10C00203FAA /* MessageSectionHeaderView.swift in Sources */,
				E95253552B50DDDD001DB530 /* AuthorModel.swift in Sources */,
				E9AB571F2B513BB10077411C /* MessageFormViewController.swift in Sources */,
				E9D3CE372B4B8EEE0076E2E0 /* SubcateCollectionViewCell.swift in Sources */,
				E9C2B28A2B4E728D00647802 /* DetailViewController.swift in Sources */,
				E9D3CE4A2B4BC9A80076E2E0 /* UIFontExtension.swift in Sources */,
				E9A1F2C42B50316700C47E0A /* CardContentViewController.swift in Sources */,
				E94B57502B4E94A100EFE9A9 /* UIImageExtension.swift in Sources */,
				E9C2B2882B4E5D2000647802 /* AccountViewController.swift in Sources */,
				E97C97802B4FE83A00431B2C /* AboutUsViewController.swift in Sources */,
				E9D3CE3B2B4B9B740076E2E0 /* UIColorExtension.swift in Sources */,
				E9D3CE252B4B8C120076E2E0 /* BaseViewController.swift in Sources */,
				E9AB571D2B51309B0077411C /* ContactUsViewController.swift in Sources */,
				E985863F2B4BE3BD00DE7780 /* RecommendCollectionViewCell.swift in Sources */,
				E98570802B4E2FE000BC4840 /* HomeViewController.swift in Sources */,
				E9A1F2BE2B501E0700C47E0A /* AboutUsCollectionViewCell.swift in Sources */,
				E9D3CE212B4B8C120076E2E0 /* AppDelegate.swift in Sources */,
				E9A75F3A2B4BD541005494AB /* PlaceTableViewCell.swift in Sources */,
				E9571FBE2D643BE100203FAA /* AccountTableViewCell.swift in Sources */,
				E9D3CE562B4BD1CF0076E2E0 /* PlaceCollectionViewCell.swift in Sources */,
				E985863D2B4BE24500DE7780 /* RecommendTableViewCell.swift in Sources */,
				E9D3CE232B4B8C120076E2E0 /* SceneDelegate.swift in Sources */,
				E9571FC52D64A1C300203FAA /* AccountSectionHeaderView.swift in Sources */,
				E9571FCB2D64B82000203FAA /* MessageTableViewCell.swift in Sources */,
				E9571FC12D6456A900203FAA /* AccountItemModel.swift in Sources */,
				E9A1F2C22B502C1E00C47E0A /* UICollectionViewExtension.swift in Sources */,
				E9BE704C2B4CEC6500A03CE5 /* ProfileViewController.swift in Sources */,
				E9568AA52B4FAA72002A1AB0 /* ListViewController.swift in Sources */,
				E944BD2D2B4EE46700767258 /* SideMenuModel.swift in Sources */,
				E9BE704E2B4D455900A03CE5 /* PlaceModel.swift in Sources */,
				E9D3CE352B4B8D510076E2E0 /* SubcateTableViewCell.swift in Sources */,
				E9A1F2C02B502BD600C47E0A /* UIWindowExtension.swift in Sources */,
				E9568AA72B4FAF83002A1AB0 /* PlaceListTableViewCell.swift in Sources */,
				E94B574E2B4E8BCA00EFE9A9 /* UIViewControllerExtension.swift in Sources */,
				E9571FBB2D641D1B00203FAA /* MessageViewController.swift in Sources */,
				E944BD2B2B4EE02900767258 /* SideMenuTableViewCell.swift in Sources */,
				E94B574C2B4E82BB00EFE9A9 /* SideMenuViewController.swift in Sources */,
				E9D3CE3D2B4B9E330076E2E0 /* CategoryTableViewCell.swift in Sources */,
			);
			runOnlyForDeploymentPostprocessing = 0;
		};
/* End PBXSourcesBuildPhase section */

/* Begin PBXVariantGroup section */
		E9D3CE262B4B8C120076E2E0 /* Main.storyboard */ = {
			isa = PBXVariantGroup;
			children = (
				E9D3CE272B4B8C120076E2E0 /* Base */,
			);
			name = Main.storyboard;
			sourceTree = "<group>";
		};
		E9D3CE2B2B4B8C130076E2E0 /* LaunchScreen.storyboard */ = {
			isa = PBXVariantGroup;
			children = (
				E9D3CE2C2B4B8C130076E2E0 /* Base */,
			);
			name = LaunchScreen.storyboard;
			sourceTree = "<group>";
		};
/* End PBXVariantGroup section */

/* Begin XCBuildConfiguration section */
		E9D3CE2F2B4B8C130076E2E0 /* Debug */ = {
			isa = XCBuildConfiguration;
			buildSettings = {
				ALWAYS_SEARCH_USER_PATHS = NO;
				ASSETCATALOG_COMPILER_GENERATE_SWIFT_ASSET_SYMBOL_EXTENSIONS = YES;
				CLANG_ANALYZER_NONNULL = YES;
				CLANG_ANALYZER_NUMBER_OBJECT_CONVERSION = YES_AGGRESSIVE;
				CLANG_CXX_LANGUAGE_STANDARD = "gnu++20";
				CLANG_ENABLE_MODULES = YES;
				CLANG_ENABLE_OBJC_ARC = YES;
				CLANG_ENABLE_OBJC_WEAK = YES;
				CLANG_WARN_BLOCK_CAPTURE_AUTORELEASING = YES;
				CLANG_WARN_BOOL_CONVERSION = YES;
				CLANG_WARN_COMMA = YES;
				CLANG_WARN_CONSTANT_CONVERSION = YES;
				CLANG_WARN_DEPRECATED_OBJC_IMPLEMENTATIONS = YES;
				CLANG_WARN_DIRECT_OBJC_ISA_USAGE = YES_ERROR;
				CLANG_WARN_DOCUMENTATION_COMMENTS = YES;
				CLANG_WARN_EMPTY_BODY = YES;
				CLANG_WARN_ENUM_CONVERSION = YES;
				CLANG_WARN_INFINITE_RECURSION = YES;
				CLANG_WARN_INT_CONVERSION = YES;
				CLANG_WARN_NON_LITERAL_NULL_CONVERSION = YES;
				CLANG_WARN_OBJC_IMPLICIT_RETAIN_SELF = YES;
				CLANG_WARN_OBJC_LITERAL_CONVERSION = YES;
				CLANG_WARN_OBJC_ROOT_CLASS = YES_ERROR;
				CLANG_WARN_QUOTED_INCLUDE_IN_FRAMEWORK_HEADER = YES;
				CLANG_WARN_RANGE_LOOP_ANALYSIS = YES;
				CLANG_WARN_STRICT_PROTOTYPES = YES;
				CLANG_WARN_SUSPICIOUS_MOVE = YES;
				CLANG_WARN_UNGUARDED_AVAILABILITY = YES_AGGRESSIVE;
				CLANG_WARN_UNREACHABLE_CODE = YES;
				CLANG_WARN__DUPLICATE_METHOD_MATCH = YES;
				COPY_PHASE_STRIP = NO;
				DEBUG_INFORMATION_FORMAT = dwarf;
				ENABLE_STRICT_OBJC_MSGSEND = YES;
				ENABLE_TESTABILITY = YES;
				ENABLE_USER_SCRIPT_SANDBOXING = YES;
				GCC_C_LANGUAGE_STANDARD = gnu17;
				GCC_DYNAMIC_NO_PIC = NO;
				GCC_NO_COMMON_BLOCKS = YES;
				GCC_OPTIMIZATION_LEVEL = 0;
				GCC_PREPROCESSOR_DEFINITIONS = (
					"DEBUG=1",
					"$(inherited)",
				);
				GCC_WARN_64_TO_32_BIT_CONVERSION = YES;
				GCC_WARN_ABOUT_RETURN_TYPE = YES_ERROR;
				GCC_WARN_UNDECLARED_SELECTOR = YES;
				GCC_WARN_UNINITIALIZED_AUTOS = YES_AGGRESSIVE;
				GCC_WARN_UNUSED_FUNCTION = YES;
				GCC_WARN_UNUSED_VARIABLE = YES;
				IPHONEOS_DEPLOYMENT_TARGET = 17.2;
				LOCALIZATION_PREFERS_STRING_CATALOGS = YES;
				MTL_ENABLE_DEBUG_INFO = INCLUDE_SOURCE;
				MTL_FAST_MATH = YES;
				ONLY_ACTIVE_ARCH = YES;
				SDKROOT = iphoneos;
				SWIFT_ACTIVE_COMPILATION_CONDITIONS = "DEBUG $(inherited)";
				SWIFT_OPTIMIZATION_LEVEL = "-Onone";
			};
			name = Debug;
		};
		E9D3CE302B4B8C130076E2E0 /* Release */ = {
			isa = XCBuildConfiguration;
			buildSettings = {
				ALWAYS_SEARCH_USER_PATHS = NO;
				ASSETCATALOG_COMPILER_GENERATE_SWIFT_ASSET_SYMBOL_EXTENSIONS = YES;
				CLANG_ANALYZER_NONNULL = YES;
				CLANG_ANALYZER_NUMBER_OBJECT_CONVERSION = YES_AGGRESSIVE;
				CLANG_CXX_LANGUAGE_STANDARD = "gnu++20";
				CLANG_ENABLE_MODULES = YES;
				CLANG_ENABLE_OBJC_ARC = YES;
				CLANG_ENABLE_OBJC_WEAK = YES;
				CLANG_WARN_BLOCK_CAPTURE_AUTORELEASING = YES;
				CLANG_WARN_BOOL_CONVERSION = YES;
				CLANG_WARN_COMMA = YES;
				CLANG_WARN_CONSTANT_CONVERSION = YES;
				CLANG_WARN_DEPRECATED_OBJC_IMPLEMENTATIONS = YES;
				CLANG_WARN_DIRECT_OBJC_ISA_USAGE = YES_ERROR;
				CLANG_WARN_DOCUMENTATION_COMMENTS = YES;
				CLANG_WARN_EMPTY_BODY = YES;
				CLANG_WARN_ENUM_CONVERSION = YES;
				CLANG_WARN_INFINITE_RECURSION = YES;
				CLANG_WARN_INT_CONVERSION = YES;
				CLANG_WARN_NON_LITERAL_NULL_CONVERSION = YES;
				CLANG_WARN_OBJC_IMPLICIT_RETAIN_SELF = YES;
				CLANG_WARN_OBJC_LITERAL_CONVERSION = YES;
				CLANG_WARN_OBJC_ROOT_CLASS = YES_ERROR;
				CLANG_WARN_QUOTED_INCLUDE_IN_FRAMEWORK_HEADER = YES;
				CLANG_WARN_RANGE_LOOP_ANALYSIS = YES;
				CLANG_WARN_STRICT_PROTOTYPES = YES;
				CLANG_WARN_SUSPICIOUS_MOVE = YES;
				CLANG_WARN_UNGUARDED_AVAILABILITY = YES_AGGRESSIVE;
				CLANG_WARN_UNREACHABLE_CODE = YES;
				CLANG_WARN__DUPLICATE_METHOD_MATCH = YES;
				COPY_PHASE_STRIP = NO;
				DEBUG_INFORMATION_FORMAT = "dwarf-with-dsym";
				ENABLE_NS_ASSERTIONS = NO;
				ENABLE_STRICT_OBJC_MSGSEND = YES;
				ENABLE_USER_SCRIPT_SANDBOXING = YES;
				GCC_C_LANGUAGE_STANDARD = gnu17;
				GCC_NO_COMMON_BLOCKS = YES;
				GCC_WARN_64_TO_32_BIT_CONVERSION = YES;
				GCC_WARN_ABOUT_RETURN_TYPE = YES_ERROR;
				GCC_WARN_UNDECLARED_SELECTOR = YES;
				GCC_WARN_UNINITIALIZED_AUTOS = YES_AGGRESSIVE;
				GCC_WARN_UNUSED_FUNCTION = YES;
				GCC_WARN_UNUSED_VARIABLE = YES;
				IPHONEOS_DEPLOYMENT_TARGET = 17.2;
				LOCALIZATION_PREFERS_STRING_CATALOGS = YES;
				MTL_ENABLE_DEBUG_INFO = NO;
				MTL_FAST_MATH = YES;
				SDKROOT = iphoneos;
				SWIFT_COMPILATION_MODE = wholemodule;
				VALIDATE_PRODUCT = YES;
			};
			name = Release;
		};
		E9D3CE322B4B8C130076E2E0 /* Debug */ = {
			isa = XCBuildConfiguration;
			baseConfigurationReference = 56135660578605B903FE46AB /* Pods-bkalo.debug.xcconfig */;
			buildSettings = {
				ASSETCATALOG_COMPILER_APPICON_NAME = AppIcon;
				ASSETCATALOG_COMPILER_GLOBAL_ACCENT_COLOR_NAME = AccentColor;
				CODE_SIGN_STYLE = Automatic;
				CURRENT_PROJECT_VERSION = 1;
				DEVELOPMENT_TEAM = 454WE666RP;
				ENABLE_USER_SCRIPT_SANDBOXING = NO;
				GENERATE_INFOPLIST_FILE = YES;
				INFOPLIST_FILE = bkalo/Info.plist;
				INFOPLIST_KEY_UIApplicationSupportsIndirectInputEvents = YES;
				INFOPLIST_KEY_UILaunchStoryboardName = LaunchScreen;
				INFOPLIST_KEY_UIMainStoryboardFile = Main;
				INFOPLIST_KEY_UISupportedInterfaceOrientations_iPad = "UIInterfaceOrientationPortrait UIInterfaceOrientationPortraitUpsideDown UIInterfaceOrientationLandscapeLeft UIInterfaceOrientationLandscapeRight";
				INFOPLIST_KEY_UISupportedInterfaceOrientations_iPhone = "UIInterfaceOrientationPortrait UIInterfaceOrientationLandscapeLeft UIInterfaceOrientationLandscapeRight";
				LD_RUNPATH_SEARCH_PATHS = (
					"$(inherited)",
					"@executable_path/Frameworks",
				);
				MARKETING_VERSION = 1.0;
				PRODUCT_BUNDLE_IDENTIFIER = tamnguyen.bkalo;
				PRODUCT_NAME = "$(TARGET_NAME)";
				SWIFT_EMIT_LOC_STRINGS = YES;
				SWIFT_VERSION = 5.0;
				TARGETED_DEVICE_FAMILY = "1,2";
			};
			name = Debug;
		};
		E9D3CE332B4B8C130076E2E0 /* Release */ = {
			isa = XCBuildConfiguration;
			baseConfigurationReference = B59BC7AC6ED4A79701D64399 /* Pods-bkalo.release.xcconfig */;
			buildSettings = {
				ASSETCATALOG_COMPILER_APPICON_NAME = AppIcon;
				ASSETCATALOG_COMPILER_GLOBAL_ACCENT_COLOR_NAME = AccentColor;
				CODE_SIGN_STYLE = Automatic;
				CURRENT_PROJECT_VERSION = 1;
				DEVELOPMENT_TEAM = 454WE666RP;
				ENABLE_USER_SCRIPT_SANDBOXING = NO;
				GENERATE_INFOPLIST_FILE = YES;
				INFOPLIST_FILE = bkalo/Info.plist;
				INFOPLIST_KEY_UIApplicationSupportsIndirectInputEvents = YES;
				INFOPLIST_KEY_UILaunchStoryboardName = LaunchScreen;
				INFOPLIST_KEY_UIMainStoryboardFile = Main;
				INFOPLIST_KEY_UISupportedInterfaceOrientations_iPad = "UIInterfaceOrientationPortrait UIInterfaceOrientationPortraitUpsideDown UIInterfaceOrientationLandscapeLeft UIInterfaceOrientationLandscapeRight";
				INFOPLIST_KEY_UISupportedInterfaceOrientations_iPhone = "UIInterfaceOrientationPortrait UIInterfaceOrientationLandscapeLeft UIInterfaceOrientationLandscapeRight";
				LD_RUNPATH_SEARCH_PATHS = (
					"$(inherited)",
					"@executable_path/Frameworks",
				);
				MARKETING_VERSION = 1.0;
				PRODUCT_BUNDLE_IDENTIFIER = tamnguyen.bkalo;
				PRODUCT_NAME = "$(TARGET_NAME)";
				SWIFT_EMIT_LOC_STRINGS = YES;
				SWIFT_VERSION = 5.0;
				TARGETED_DEVICE_FAMILY = "1,2";
			};
			name = Release;
		};
/* End XCBuildConfiguration section */

/* Begin XCConfigurationList section */
		E9D3CE182B4B8C120076E2E0 /* Build configuration list for PBXProject "bkalo" */ = {
			isa = XCConfigurationList;
			buildConfigurations = (
				E9D3CE2F2B4B8C130076E2E0 /* Debug */,
				E9D3CE302B4B8C130076E2E0 /* Release */,
			);
			defaultConfigurationIsVisible = 0;
			defaultConfigurationName = Release;
		};
		E9D3CE312B4B8C130076E2E0 /* Build configuration list for PBXNativeTarget "bkalo" */ = {
			isa = XCConfigurationList;
			buildConfigurations = (
				E9D3CE322B4B8C130076E2E0 /* Debug */,
				E9D3CE332B4B8C130076E2E0 /* Release */,
			);
			defaultConfigurationIsVisible = 0;
			defaultConfigurationName = Release;
		};
/* End XCConfigurationList section */

/* Begin XCRemoteSwiftPackageReference section */
		E944BD272B4ECA0000767258 /* XCRemoteSwiftPackageReference "SideMenu.git" */ = {
			isa = XCRemoteSwiftPackageReference;
			repositoryURL = "https://github.com/jonkykong/SideMenu.git";
			requirement = {
				kind = upToNextMajorVersion;
				minimumVersion = 6.5.0;
			};
		};
		E9571FC62D64B68A00203FAA /* XCRemoteSwiftPackageReference "SwipeCellKit" */ = {
			isa = XCRemoteSwiftPackageReference;
			repositoryURL = "https://github.com/SwipeCellKit/SwipeCellKit";
			requirement = {
				kind = upToNextMajorVersion;
				minimumVersion = 2.7.1;
			};
		};
/* End XCRemoteSwiftPackageReference section */

/* Begin XCSwiftPackageProductDependency section */
		E944BD282B4ECA0000767258 /* SideMenu */ = {
			isa = XCSwiftPackageProductDependency;
			package = E944BD272B4ECA0000767258 /* XCRemoteSwiftPackageReference "SideMenu.git" */;
			productName = SideMenu;
		};
		E9571FC72D64B68A00203FAA /* SwipeCellKit */ = {
			isa = XCSwiftPackageProductDependency;
			package = E9571FC62D64B68A00203FAA /* XCRemoteSwiftPackageReference "SwipeCellKit" */;
			productName = SwipeCellKit;
		};
/* End XCSwiftPackageProductDependency section */
	};
	rootObject = E9D3CE152B4B8C120076E2E0 /* Project object */;
}
